// !$*UTF8*$!
{
	archiveVersion = 1;
	classes = {
	};
	objectVersion = 46;
	objects = {

/* Begin PBXAggregateTarget section */
		EE99190B0D9193D100FB06D5 /* all-targets */ = {
			isa = PBXAggregateTarget;
			buildConfigurationList = EE9919150D91940100FB06D5 /* Build configuration list for PBXAggregateTarget "all-targets" */;
			buildPhases = (
			);
			dependencies = (
				EE99190F0D9193DC00FB06D5 /* PBXTargetDependency */,
				EE9919110D9193DC00FB06D5 /* PBXTargetDependency */,
				EE9919130D9193DC00FB06D5 /* PBXTargetDependency */,
			);
			name = "all-targets";
			productName = "all-targets";
		};
/* End PBXAggregateTarget section */

/* Begin PBXBuildFile section */
		EE14DC3B1A7C325400378755 /* garg_unix.cpp in Sources */ = {isa = PBXBuildFile; fileRef = EE14DBD71A7C325400378755 /* garg_unix.cpp */; };
		EE14DC3D1A7C325400378755 /* garg.cpp in Sources */ = {isa = PBXBuildFile; fileRef = EE14DBD91A7C325400378755 /* garg.cpp */; };
		EE14DC3E1A7C325400378755 /* gbase64.cpp in Sources */ = {isa = PBXBuildFile; fileRef = EE14DBDC1A7C325400378755 /* gbase64.cpp */; };
		EE14DC3F1A7C325400378755 /* gcleanup_unix.cpp in Sources */ = {isa = PBXBuildFile; fileRef = EE14DBDE1A7C325400378755 /* gcleanup_unix.cpp */; };
		EE14DC441A7C325400378755 /* gcounter.cpp in Sources */ = {isa = PBXBuildFile; fileRef = EE14DBE51A7C325400378755 /* gcounter.cpp */; };
		EE14DC451A7C325400378755 /* gdaemon_unix.cpp in Sources */ = {isa = PBXBuildFile; fileRef = EE14DBE71A7C325400378755 /* gdaemon_unix.cpp */; };
		EE14DC471A7C325400378755 /* gdate.cpp in Sources */ = {isa = PBXBuildFile; fileRef = EE14DBEA1A7C325400378755 /* gdate.cpp */; };
		EE14DC481A7C325400378755 /* gdatetime_unix.cpp in Sources */ = {isa = PBXBuildFile; fileRef = EE14DBEC1A7C325400378755 /* gdatetime_unix.cpp */; };
		EE14DC4A1A7C325400378755 /* gdatetime.cpp in Sources */ = {isa = PBXBuildFile; fileRef = EE14DBEE1A7C325400378755 /* gdatetime.cpp */; };
		EE14DC4B1A7C325400378755 /* gdirectory_unix_glob.cpp in Sources */ = {isa = PBXBuildFile; fileRef = EE14DBF21A7C325400378755 /* gdirectory_unix_glob.cpp */; };
		EE14DC4D1A7C325400378755 /* gdirectory_unix.cpp in Sources */ = {isa = PBXBuildFile; fileRef = EE14DBF41A7C325400378755 /* gdirectory_unix.cpp */; };
		EE14DC4F1A7C325400378755 /* gdirectory.cpp in Sources */ = {isa = PBXBuildFile; fileRef = EE14DBF61A7C325400378755 /* gdirectory.cpp */; };
		EE14DC511A7C325400378755 /* gexception.cpp in Sources */ = {isa = PBXBuildFile; fileRef = EE14DBFA1A7C325400378755 /* gexception.cpp */; };
		EE14DC521A7C325400378755 /* gexecutable_unix.cpp in Sources */ = {isa = PBXBuildFile; fileRef = EE14DBFC1A7C325400378755 /* gexecutable_unix.cpp */; };
		EE14DC541A7C325400378755 /* gexecutable.cpp in Sources */ = {isa = PBXBuildFile; fileRef = EE14DBFE1A7C325400378755 /* gexecutable.cpp */; };
		EE14DC551A7C325400378755 /* gfile_unix.cpp in Sources */ = {isa = PBXBuildFile; fileRef = EE14DC001A7C325400378755 /* gfile_unix.cpp */; };
		EE14DC571A7C325400378755 /* gfile.cpp in Sources */ = {isa = PBXBuildFile; fileRef = EE14DC021A7C325400378755 /* gfile.cpp */; };
		EE14DC581A7C325400378755 /* gfs_unix.cpp in Sources */ = {isa = PBXBuildFile; fileRef = EE14DC041A7C325400378755 /* gfs_unix.cpp */; };
		EE14DC5A1A7C325400378755 /* ggetopt.cpp in Sources */ = {isa = PBXBuildFile; fileRef = EE14DC071A7C325400378755 /* ggetopt.cpp */; };
		EE14DC5B1A7C325400378755 /* ghostname_unix.cpp in Sources */ = {isa = PBXBuildFile; fileRef = EE14DC091A7C325400378755 /* ghostname_unix.cpp */; };
		EE14DC5E1A7C325400378755 /* gidentity_unix.cpp in Sources */ = {isa = PBXBuildFile; fileRef = EE14DC0D1A7C325400378755 /* gidentity_unix.cpp */; };
		EE14DC601A7C325400378755 /* glog.cpp in Sources */ = {isa = PBXBuildFile; fileRef = EE14DC111A7C325400378755 /* glog.cpp */; };
		EE14DC611A7C325400378755 /* glogoutput_unix.cpp in Sources */ = {isa = PBXBuildFile; fileRef = EE14DC131A7C325400378755 /* glogoutput_unix.cpp */; };
		EE14DC631A7C325400378755 /* glogoutput.cpp in Sources */ = {isa = PBXBuildFile; fileRef = EE14DC151A7C325400378755 /* glogoutput.cpp */; };
		EE14DC641A7C325400378755 /* gmd5_native.cpp in Sources */ = {isa = PBXBuildFile; fileRef = EE14DC171A7C325400378755 /* gmd5_native.cpp */; };
		EE14DC661A7C325400378755 /* gnewprocess_unix_exec_enabled.cpp in Sources */ = {isa = PBXBuildFile; fileRef = EE14DC1B1A7C325400378755 /* gnewprocess_unix_exec_enabled.cpp */; };
		EE14DC6B1A7C325400378755 /* gpath.cpp in Sources */ = {isa = PBXBuildFile; fileRef = EE14DC231A7C325400378755 /* gpath.cpp */; };
		EE14DC6C1A7C325400378755 /* gpidfile.cpp in Sources */ = {isa = PBXBuildFile; fileRef = EE14DC251A7C325400378755 /* gpidfile.cpp */; };
		EE14DC6D1A7C325400378755 /* gprocess_unix.cpp in Sources */ = {isa = PBXBuildFile; fileRef = EE14DC271A7C325400378755 /* gprocess_unix.cpp */; };
		EE14DC6F1A7C325400378755 /* groot.cpp in Sources */ = {isa = PBXBuildFile; fileRef = EE14DC2A1A7C325400378755 /* groot.cpp */; };
		EE14DC701A7C325400378755 /* gslot.cpp in Sources */ = {isa = PBXBuildFile; fileRef = EE14DC2F1A7C325400378755 /* gslot.cpp */; };
		EE14DC711A7C325400378755 /* gstr.cpp in Sources */ = {isa = PBXBuildFile; fileRef = EE14DC321A7C325400378755 /* gstr.cpp */; };
		EE14DC721A7C325400378755 /* gtest.cpp in Sources */ = {isa = PBXBuildFile; fileRef = EE14DC351A7C325400378755 /* gtest.cpp */; };
		EE14DC731A7C325400378755 /* gtime.cpp in Sources */ = {isa = PBXBuildFile; fileRef = EE14DC371A7C325400378755 /* gtime.cpp */; };
		EE14DC741A7C325400378755 /* gxtext.cpp in Sources */ = {isa = PBXBuildFile; fileRef = EE14DC391A7C325400378755 /* gxtext.cpp */; };
		EE14DC771A7C337E00378755 /* md5.cpp in Sources */ = {isa = PBXBuildFile; fileRef = EE14DC751A7C337E00378755 /* md5.cpp */; };
		EE1753D616B882A100575457 /* genvironment_unix.cpp in Sources */ = {isa = PBXBuildFile; fileRef = EE1753D516B882A100575457 /* genvironment_unix.cpp */; };
		EE486FEF0D3E3EA900AB4CC6 /* dir.cpp in Sources */ = {isa = PBXBuildFile; fileRef = EE486FCA0D3E3EA900AB4CC6 /* dir.cpp */; };
		EE486FF20D3E3EA900AB4CC6 /* gdialog.cpp in Sources */ = {isa = PBXBuildFile; fileRef = EE486FD00D3E3EA900AB4CC6 /* gdialog.cpp */; };
		EE486FF40D3E3EA900AB4CC6 /* gpage.cpp in Sources */ = {isa = PBXBuildFile; fileRef = EE486FD40D3E3EA900AB4CC6 /* gpage.cpp */; };
		EE486FF50D3E3EA900AB4CC6 /* guimain.cpp in Sources */ = {isa = PBXBuildFile; fileRef = EE486FD60D3E3EA900AB4CC6 /* guimain.cpp */; };
		EE486FF60D3E3EA900AB4CC6 /* gunpack.cpp in Sources */ = {isa = PBXBuildFile; fileRef = EE486FD70D3E3EA900AB4CC6 /* gunpack.cpp */; };
		EE486FF70D3E3EA900AB4CC6 /* installer.cpp in Sources */ = {isa = PBXBuildFile; fileRef = EE486FDA0D3E3EA900AB4CC6 /* installer.cpp */; };
		EE486FF80D3E3EA900AB4CC6 /* legal.cpp in Sources */ = {isa = PBXBuildFile; fileRef = EE486FDC0D3E3EA900AB4CC6 /* legal.cpp */; };
		EE486FFC0D3E3EA900AB4CC6 /* pages.cpp in Sources */ = {isa = PBXBuildFile; fileRef = EE486FE50D3E3EA900AB4CC6 /* pages.cpp */; };
		EE4870560D3E529100AB4CC6 /* moc_gdialog.cpp in Sources */ = {isa = PBXBuildFile; fileRef = EE4870530D3E529100AB4CC6 /* moc_gdialog.cpp */; };
		EE4870570D3E529100AB4CC6 /* moc_gpage.cpp in Sources */ = {isa = PBXBuildFile; fileRef = EE4870540D3E529100AB4CC6 /* moc_gpage.cpp */; };
		EE4870580D3E529100AB4CC6 /* moc_pages.cpp in Sources */ = {isa = PBXBuildFile; fileRef = EE4870550D3E529100AB4CC6 /* moc_pages.cpp */; };
		EE529995184D5F4200AAD1FE /* unpack.c in Sources */ = {isa = PBXBuildFile; fileRef = EE486FEC0D3E3EA900AB4CC6 /* unpack.c */; };
		EE52999B184D5FF900AAD1FE /* gregister_mac.cpp in Sources */ = {isa = PBXBuildFile; fileRef = EE52999A184D5FF900AAD1FE /* gregister_mac.cpp */; };
		EEBDCC1216A6040100BDFB44 /* mapfile.cpp in Sources */ = {isa = PBXBuildFile; fileRef = EEBDCC0A16A6040100BDFB44 /* mapfile.cpp */; };
		EEBDCC1316A6040100BDFB44 /* pointer.cpp in Sources */ = {isa = PBXBuildFile; fileRef = EEBDCC0C16A6040100BDFB44 /* pointer.cpp */; };
		EEBDCC1816A604AD00BDFB44 /* gstrings.cpp in Sources */ = {isa = PBXBuildFile; fileRef = EEBDCC1716A604AD00BDFB44 /* gstrings.cpp */; };
		EEC342C10D50E0BD00DD9918 /* boot_mac.cpp in Sources */ = {isa = PBXBuildFile; fileRef = EEC342BF0D50E0BD00DD9918 /* boot_mac.cpp */; };
		EEC342C20D50E0BD00DD9918 /* dir_mac.cpp in Sources */ = {isa = PBXBuildFile; fileRef = EEC342C00D50E0BD00DD9918 /* dir_mac.cpp */; };
		EEC342C60D50E0D800DD9918 /* glink_mac.cpp in Sources */ = {isa = PBXBuildFile; fileRef = EEC342C30D50E0D800DD9918 /* glink_mac.cpp */; };
		EEC342C80D50E0D800DD9918 /* state.cpp in Sources */ = {isa = PBXBuildFile; fileRef = EEC342C50D50E0D800DD9918 /* state.cpp */; };
		EEC342FA0D50F72800DD9918 /* unpackmain.c in Sources */ = {isa = PBXBuildFile; fileRef = EEC342F90D50F72800DD9918 /* unpackmain.c */; };
		EEC342FC0D50F73900DD9918 /* unpack.c in Sources */ = {isa = PBXBuildFile; fileRef = EE486FEC0D3E3EA900AB4CC6 /* unpack.c */; };
/* End PBXBuildFile section */

/* Begin PBXContainerItemProxy section */
		EE99190E0D9193DC00FB06D5 /* PBXContainerItemProxy */ = {
			isa = PBXContainerItemProxy;
			containerPortal = 08FB7793FE84155DC02AAC07 /* Project object */;
			proxyType = 1;
			remoteGlobalIDString = 8DD76F620486A84900D96B5E;
			remoteInfo = "emailrelay-gui";
		};
		EE9919100D9193DC00FB06D5 /* PBXContainerItemProxy */ = {
			isa = PBXContainerItemProxy;
			containerPortal = 08FB7793FE84155DC02AAC07 /* Project object */;
			proxyType = 1;
			remoteGlobalIDString = EEC342DE0D50F62E00DD9918;
			remoteInfo = "emailrelay-start";
		};
		EE9919120D9193DC00FB06D5 /* PBXContainerItemProxy */ = {
			isa = PBXContainerItemProxy;
			containerPortal = 08FB7793FE84155DC02AAC07 /* Project object */;
			proxyType = 1;
			remoteGlobalIDString = EEC342EC0D50F6B600DD9918;
			remoteInfo = "emailrelay-unpack";
		};
/* End PBXContainerItemProxy section */

/* Begin PBXCopyFilesBuildPhase section */
		8DD76F690486A84900D96B5E /* CopyFiles */ = {
			isa = PBXCopyFilesBuildPhase;
			buildActionMask = 8;
			dstPath = /usr/share/man/man1/;
			dstSubfolderSpec = 0;
			files = (
			);
			runOnlyForDeploymentPostprocessing = 1;
		};
/* End PBXCopyFilesBuildPhase section */

/* Begin PBXFileReference section */
		8DD76F6C0486A84900D96B5E /* emailrelay-gui */ = {isa = PBXFileReference; explicitFileType = "compiled.mach-o.executable"; includeInIndex = 0; path = "emailrelay-gui"; sourceTree = BUILT_PRODUCTS_DIR; };
		EE14DBD71A7C325400378755 /* garg_unix.cpp */ = {isa = PBXFileReference; fileEncoding = 4; lastKnownFileType = sourcecode.cpp.cpp; name = garg_unix.cpp; path = src/glib/garg_unix.cpp; sourceTree = "<group>"; };
		EE14DBD91A7C325400378755 /* garg.cpp */ = {isa = PBXFileReference; fileEncoding = 4; lastKnownFileType = sourcecode.cpp.cpp; name = garg.cpp; path = src/glib/garg.cpp; sourceTree = "<group>"; };
		EE14DBDA1A7C325400378755 /* garg.h */ = {isa = PBXFileReference; fileEncoding = 4; lastKnownFileType = sourcecode.c.h; name = garg.h; path = src/glib/garg.h; sourceTree = "<group>"; };
		EE14DBDB1A7C325400378755 /* gassert.h */ = {isa = PBXFileReference; fileEncoding = 4; lastKnownFileType = sourcecode.c.h; name = gassert.h; path = src/glib/gassert.h; sourceTree = "<group>"; };
		EE14DBDC1A7C325400378755 /* gbase64.cpp */ = {isa = PBXFileReference; fileEncoding = 4; lastKnownFileType = sourcecode.cpp.cpp; name = gbase64.cpp; path = src/glib/gbase64.cpp; sourceTree = "<group>"; };
		EE14DBDD1A7C325400378755 /* gbase64.h */ = {isa = PBXFileReference; fileEncoding = 4; lastKnownFileType = sourcecode.c.h; name = gbase64.h; path = src/glib/gbase64.h; sourceTree = "<group>"; };
		EE14DBDE1A7C325400378755 /* gcleanup_unix.cpp */ = {isa = PBXFileReference; fileEncoding = 4; lastKnownFileType = sourcecode.cpp.cpp; name = gcleanup_unix.cpp; path = src/glib/gcleanup_unix.cpp; sourceTree = "<group>"; };
		EE14DBE01A7C325400378755 /* gcleanup.h */ = {isa = PBXFileReference; fileEncoding = 4; lastKnownFileType = sourcecode.c.h; name = gcleanup.h; path = src/glib/gcleanup.h; sourceTree = "<group>"; };
		EE14DBE51A7C325400378755 /* gcounter.cpp */ = {isa = PBXFileReference; fileEncoding = 4; lastKnownFileType = sourcecode.cpp.cpp; name = gcounter.cpp; path = src/glib/gcounter.cpp; sourceTree = "<group>"; };
		EE14DBE61A7C325400378755 /* gcounter.h */ = {isa = PBXFileReference; fileEncoding = 4; lastKnownFileType = sourcecode.c.h; name = gcounter.h; path = src/glib/gcounter.h; sourceTree = "<group>"; };
		EE14DBE71A7C325400378755 /* gdaemon_unix.cpp */ = {isa = PBXFileReference; fileEncoding = 4; lastKnownFileType = sourcecode.cpp.cpp; name = gdaemon_unix.cpp; path = src/glib/gdaemon_unix.cpp; sourceTree = "<group>"; };
		EE14DBE91A7C325400378755 /* gdaemon.h */ = {isa = PBXFileReference; fileEncoding = 4; lastKnownFileType = sourcecode.c.h; name = gdaemon.h; path = src/glib/gdaemon.h; sourceTree = "<group>"; };
		EE14DBEA1A7C325400378755 /* gdate.cpp */ = {isa = PBXFileReference; fileEncoding = 4; lastKnownFileType = sourcecode.cpp.cpp; name = gdate.cpp; path = src/glib/gdate.cpp; sourceTree = "<group>"; };
		EE14DBEB1A7C325400378755 /* gdate.h */ = {isa = PBXFileReference; fileEncoding = 4; lastKnownFileType = sourcecode.c.h; name = gdate.h; path = src/glib/gdate.h; sourceTree = "<group>"; };
		EE14DBEC1A7C325400378755 /* gdatetime_unix.cpp */ = {isa = PBXFileReference; fileEncoding = 4; lastKnownFileType = sourcecode.cpp.cpp; name = gdatetime_unix.cpp; path = src/glib/gdatetime_unix.cpp; sourceTree = "<group>"; };
		EE14DBEE1A7C325400378755 /* gdatetime.cpp */ = {isa = PBXFileReference; fileEncoding = 4; lastKnownFileType = sourcecode.cpp.cpp; name = gdatetime.cpp; path = src/glib/gdatetime.cpp; sourceTree = "<group>"; };
		EE14DBEF1A7C325400378755 /* gdatetime.h */ = {isa = PBXFileReference; fileEncoding = 4; lastKnownFileType = sourcecode.c.h; name = gdatetime.h; path = src/glib/gdatetime.h; sourceTree = "<group>"; };
		EE14DBF01A7C325400378755 /* gdebug.h */ = {isa = PBXFileReference; fileEncoding = 4; lastKnownFileType = sourcecode.c.h; name = gdebug.h; path = src/glib/gdebug.h; sourceTree = "<group>"; };
		EE14DBF11A7C325400378755 /* gdef.h */ = {isa = PBXFileReference; fileEncoding = 4; lastKnownFileType = sourcecode.c.h; name = gdef.h; path = src/glib/gdef.h; sourceTree = "<group>"; };
		EE14DBF21A7C325400378755 /* gdirectory_unix_glob.cpp */ = {isa = PBXFileReference; fileEncoding = 4; lastKnownFileType = sourcecode.cpp.cpp; name = gdirectory_unix_glob.cpp; path = src/glib/gdirectory_unix_glob.cpp; sourceTree = "<group>"; };
		EE14DBF41A7C325400378755 /* gdirectory_unix.cpp */ = {isa = PBXFileReference; fileEncoding = 4; lastKnownFileType = sourcecode.cpp.cpp; name = gdirectory_unix.cpp; path = src/glib/gdirectory_unix.cpp; sourceTree = "<group>"; };
		EE14DBF61A7C325400378755 /* gdirectory.cpp */ = {isa = PBXFileReference; fileEncoding = 4; lastKnownFileType = sourcecode.cpp.cpp; name = gdirectory.cpp; path = src/glib/gdirectory.cpp; sourceTree = "<group>"; };
		EE14DBF71A7C325400378755 /* gdirectory.h */ = {isa = PBXFileReference; fileEncoding = 4; lastKnownFileType = sourcecode.c.h; name = gdirectory.h; path = src/glib/gdirectory.h; sourceTree = "<group>"; };
		EE14DBF91A7C325400378755 /* genvironment.h */ = {isa = PBXFileReference; fileEncoding = 4; lastKnownFileType = sourcecode.c.h; name = genvironment.h; path = src/glib/genvironment.h; sourceTree = "<group>"; };
		EE14DBFA1A7C325400378755 /* gexception.cpp */ = {isa = PBXFileReference; fileEncoding = 4; lastKnownFileType = sourcecode.cpp.cpp; name = gexception.cpp; path = src/glib/gexception.cpp; sourceTree = "<group>"; };
		EE14DBFB1A7C325400378755 /* gexception.h */ = {isa = PBXFileReference; fileEncoding = 4; lastKnownFileType = sourcecode.c.h; name = gexception.h; path = src/glib/gexception.h; sourceTree = "<group>"; };
		EE14DBFC1A7C325400378755 /* gexecutable_unix.cpp */ = {isa = PBXFileReference; fileEncoding = 4; lastKnownFileType = sourcecode.cpp.cpp; name = gexecutable_unix.cpp; path = src/glib/gexecutable_unix.cpp; sourceTree = "<group>"; };
		EE14DBFE1A7C325400378755 /* gexecutable.cpp */ = {isa = PBXFileReference; fileEncoding = 4; lastKnownFileType = sourcecode.cpp.cpp; name = gexecutable.cpp; path = src/glib/gexecutable.cpp; sourceTree = "<group>"; };
		EE14DBFF1A7C325400378755 /* gexecutable.h */ = {isa = PBXFileReference; fileEncoding = 4; lastKnownFileType = sourcecode.c.h; name = gexecutable.h; path = src/glib/gexecutable.h; sourceTree = "<group>"; };
		EE14DC001A7C325400378755 /* gfile_unix.cpp */ = {isa = PBXFileReference; fileEncoding = 4; lastKnownFileType = sourcecode.cpp.cpp; name = gfile_unix.cpp; path = src/glib/gfile_unix.cpp; sourceTree = "<group>"; };
		EE14DC021A7C325400378755 /* gfile.cpp */ = {isa = PBXFileReference; fileEncoding = 4; lastKnownFileType = sourcecode.cpp.cpp; name = gfile.cpp; path = src/glib/gfile.cpp; sourceTree = "<group>"; };
		EE14DC031A7C325400378755 /* gfile.h */ = {isa = PBXFileReference; fileEncoding = 4; lastKnownFileType = sourcecode.c.h; name = gfile.h; path = src/glib/gfile.h; sourceTree = "<group>"; };
		EE14DC041A7C325400378755 /* gfs_unix.cpp */ = {isa = PBXFileReference; fileEncoding = 4; lastKnownFileType = sourcecode.cpp.cpp; name = gfs_unix.cpp; path = src/glib/gfs_unix.cpp; sourceTree = "<group>"; };
		EE14DC061A7C325400378755 /* gfs.h */ = {isa = PBXFileReference; fileEncoding = 4; lastKnownFileType = sourcecode.c.h; name = gfs.h; path = src/glib/gfs.h; sourceTree = "<group>"; };
		EE14DC071A7C325400378755 /* ggetopt.cpp */ = {isa = PBXFileReference; fileEncoding = 4; lastKnownFileType = sourcecode.cpp.cpp; name = ggetopt.cpp; path = src/glib/ggetopt.cpp; sourceTree = "<group>"; };
		EE14DC081A7C325400378755 /* ggetopt.h */ = {isa = PBXFileReference; fileEncoding = 4; lastKnownFileType = sourcecode.c.h; name = ggetopt.h; path = src/glib/ggetopt.h; sourceTree = "<group>"; };
		EE14DC091A7C325400378755 /* ghostname_unix.cpp */ = {isa = PBXFileReference; fileEncoding = 4; lastKnownFileType = sourcecode.cpp.cpp; name = ghostname_unix.cpp; path = src/glib/ghostname_unix.cpp; sourceTree = "<group>"; };
		EE14DC0B1A7C325400378755 /* ghostname.h */ = {isa = PBXFileReference; fileEncoding = 4; lastKnownFileType = sourcecode.c.h; name = ghostname.h; path = src/glib/ghostname.h; sourceTree = "<group>"; };
		EE14DC0D1A7C325400378755 /* gidentity_unix.cpp */ = {isa = PBXFileReference; fileEncoding = 4; lastKnownFileType = sourcecode.cpp.cpp; name = gidentity_unix.cpp; path = src/glib/gidentity_unix.cpp; sourceTree = "<group>"; };
		EE14DC0F1A7C325400378755 /* gidentity.h */ = {isa = PBXFileReference; fileEncoding = 4; lastKnownFileType = sourcecode.c.h; name = gidentity.h; path = src/glib/gidentity.h; sourceTree = "<group>"; };
		EE14DC101A7C325400378755 /* glimits.h */ = {isa = PBXFileReference; fileEncoding = 4; lastKnownFileType = sourcecode.c.h; name = glimits.h; path = src/glib/glimits.h; sourceTree = "<group>"; };
		EE14DC111A7C325400378755 /* glog.cpp */ = {isa = PBXFileReference; fileEncoding = 4; lastKnownFileType = sourcecode.cpp.cpp; name = glog.cpp; path = src/glib/glog.cpp; sourceTree = "<group>"; };
		EE14DC121A7C325400378755 /* glog.h */ = {isa = PBXFileReference; fileEncoding = 4; lastKnownFileType = sourcecode.c.h; name = glog.h; path = src/glib/glog.h; sourceTree = "<group>"; };
		EE14DC131A7C325400378755 /* glogoutput_unix.cpp */ = {isa = PBXFileReference; fileEncoding = 4; lastKnownFileType = sourcecode.cpp.cpp; name = glogoutput_unix.cpp; path = src/glib/glogoutput_unix.cpp; sourceTree = "<group>"; };
		EE14DC151A7C325400378755 /* glogoutput.cpp */ = {isa = PBXFileReference; fileEncoding = 4; lastKnownFileType = sourcecode.cpp.cpp; name = glogoutput.cpp; path = src/glib/glogoutput.cpp; sourceTree = "<group>"; };
		EE14DC161A7C325400378755 /* glogoutput.h */ = {isa = PBXFileReference; fileEncoding = 4; lastKnownFileType = sourcecode.c.h; name = glogoutput.h; path = src/glib/glogoutput.h; sourceTree = "<group>"; };
		EE14DC171A7C325400378755 /* gmd5_native.cpp */ = {isa = PBXFileReference; fileEncoding = 4; lastKnownFileType = sourcecode.cpp.cpp; name = gmd5_native.cpp; path = src/glib/gmd5_native.cpp; sourceTree = "<group>"; };
		EE14DC181A7C325400378755 /* gmd5.h */ = {isa = PBXFileReference; fileEncoding = 4; lastKnownFileType = sourcecode.c.h; name = gmd5.h; path = src/glib/gmd5.h; sourceTree = "<group>"; };
		EE14DC191A7C325400378755 /* gmemory.h */ = {isa = PBXFileReference; fileEncoding = 4; lastKnownFileType = sourcecode.c.h; name = gmemory.h; path = src/glib/gmemory.h; sourceTree = "<group>"; };
		EE14DC1B1A7C325400378755 /* gnewprocess_unix_exec_enabled.cpp */ = {isa = PBXFileReference; fileEncoding = 4; lastKnownFileType = sourcecode.cpp.cpp; name = gnewprocess_unix_exec_enabled.cpp; path = src/glib/gnewprocess_unix_exec_enabled.cpp; sourceTree = "<group>"; };
		EE14DC1D1A7C325400378755 /* gnewprocess.h */ = {isa = PBXFileReference; fileEncoding = 4; lastKnownFileType = sourcecode.c.h; name = gnewprocess.h; path = src/glib/gnewprocess.h; sourceTree = "<group>"; };
		EE14DC1E1A7C325400378755 /* gnoncopyable.h */ = {isa = PBXFileReference; fileEncoding = 4; lastKnownFileType = sourcecode.c.h; name = gnoncopyable.h; path = src/glib/gnoncopyable.h; sourceTree = "<group>"; };
		EE14DC231A7C325400378755 /* gpath.cpp */ = {isa = PBXFileReference; fileEncoding = 4; lastKnownFileType = sourcecode.cpp.cpp; name = gpath.cpp; path = src/glib/gpath.cpp; sourceTree = "<group>"; };
		EE14DC241A7C325400378755 /* gpath.h */ = {isa = PBXFileReference; fileEncoding = 4; lastKnownFileType = sourcecode.c.h; name = gpath.h; path = src/glib/gpath.h; sourceTree = "<group>"; };
		EE14DC251A7C325400378755 /* gpidfile.cpp */ = {isa = PBXFileReference; fileEncoding = 4; lastKnownFileType = sourcecode.cpp.cpp; name = gpidfile.cpp; path = src/glib/gpidfile.cpp; sourceTree = "<group>"; };
		EE14DC261A7C325400378755 /* gpidfile.h */ = {isa = PBXFileReference; fileEncoding = 4; lastKnownFileType = sourcecode.c.h; name = gpidfile.h; path = src/glib/gpidfile.h; sourceTree = "<group>"; };
		EE14DC271A7C325400378755 /* gprocess_unix.cpp */ = {isa = PBXFileReference; fileEncoding = 4; lastKnownFileType = sourcecode.cpp.cpp; name = gprocess_unix.cpp; path = src/glib/gprocess_unix.cpp; sourceTree = "<group>"; };
		EE14DC291A7C325400378755 /* gprocess.h */ = {isa = PBXFileReference; fileEncoding = 4; lastKnownFileType = sourcecode.c.h; name = gprocess.h; path = src/glib/gprocess.h; sourceTree = "<group>"; };
		EE14DC2A1A7C325400378755 /* groot.cpp */ = {isa = PBXFileReference; fileEncoding = 4; lastKnownFileType = sourcecode.cpp.cpp; name = groot.cpp; path = src/glib/groot.cpp; sourceTree = "<group>"; };
		EE14DC2B1A7C325400378755 /* groot.h */ = {isa = PBXFileReference; fileEncoding = 4; lastKnownFileType = sourcecode.c.h; name = groot.h; path = src/glib/groot.h; sourceTree = "<group>"; };
		EE14DC2C1A7C325400378755 /* gsetter.h */ = {isa = PBXFileReference; fileEncoding = 4; lastKnownFileType = sourcecode.c.h; name = gsetter.h; path = src/glib/gsetter.h; sourceTree = "<group>"; };
		EE14DC2D1A7C325400378755 /* gsignalsafe.h */ = {isa = PBXFileReference; fileEncoding = 4; lastKnownFileType = sourcecode.c.h; name = gsignalsafe.h; path = src/glib/gsignalsafe.h; sourceTree = "<group>"; };
		EE14DC2E1A7C325400378755 /* gsleep.h */ = {isa = PBXFileReference; fileEncoding = 4; lastKnownFileType = sourcecode.c.h; name = gsleep.h; path = src/glib/gsleep.h; sourceTree = "<group>"; };
		EE14DC2F1A7C325400378755 /* gslot.cpp */ = {isa = PBXFileReference; fileEncoding = 4; lastKnownFileType = sourcecode.cpp.cpp; name = gslot.cpp; path = src/glib/gslot.cpp; sourceTree = "<group>"; };
		EE14DC301A7C325400378755 /* gslot.h */ = {isa = PBXFileReference; fileEncoding = 4; lastKnownFileType = sourcecode.c.h; name = gslot.h; path = src/glib/gslot.h; sourceTree = "<group>"; };
		EE14DC311A7C325400378755 /* gstatemachine.h */ = {isa = PBXFileReference; fileEncoding = 4; lastKnownFileType = sourcecode.c.h; name = gstatemachine.h; path = src/glib/gstatemachine.h; sourceTree = "<group>"; };
		EE14DC321A7C325400378755 /* gstr.cpp */ = {isa = PBXFileReference; fileEncoding = 4; lastKnownFileType = sourcecode.cpp.cpp; name = gstr.cpp; path = src/glib/gstr.cpp; sourceTree = "<group>"; };
		EE14DC331A7C325400378755 /* gstr.h */ = {isa = PBXFileReference; fileEncoding = 4; lastKnownFileType = sourcecode.c.h; name = gstr.h; path = src/glib/gstr.h; sourceTree = "<group>"; };
		EE14DC341A7C325400378755 /* gstrings.h */ = {isa = PBXFileReference; fileEncoding = 4; lastKnownFileType = sourcecode.c.h; name = gstrings.h; path = src/glib/gstrings.h; sourceTree = "<group>"; };
		EE14DC351A7C325400378755 /* gtest.cpp */ = {isa = PBXFileReference; fileEncoding = 4; lastKnownFileType = sourcecode.cpp.cpp; name = gtest.cpp; path = src/glib/gtest.cpp; sourceTree = "<group>"; };
		EE14DC361A7C325400378755 /* gtest.h */ = {isa = PBXFileReference; fileEncoding = 4; lastKnownFileType = sourcecode.c.h; name = gtest.h; path = src/glib/gtest.h; sourceTree = "<group>"; };
		EE14DC371A7C325400378755 /* gtime.cpp */ = {isa = PBXFileReference; fileEncoding = 4; lastKnownFileType = sourcecode.cpp.cpp; name = gtime.cpp; path = src/glib/gtime.cpp; sourceTree = "<group>"; };
		EE14DC381A7C325400378755 /* gtime.h */ = {isa = PBXFileReference; fileEncoding = 4; lastKnownFileType = sourcecode.c.h; name = gtime.h; path = src/glib/gtime.h; sourceTree = "<group>"; };
		EE14DC391A7C325400378755 /* gxtext.cpp */ = {isa = PBXFileReference; fileEncoding = 4; lastKnownFileType = sourcecode.cpp.cpp; name = gxtext.cpp; path = src/glib/gxtext.cpp; sourceTree = "<group>"; };
		EE14DC3A1A7C325400378755 /* gxtext.h */ = {isa = PBXFileReference; fileEncoding = 4; lastKnownFileType = sourcecode.c.h; name = gxtext.h; path = src/glib/gxtext.h; sourceTree = "<group>"; };
		EE14DC751A7C337E00378755 /* md5.cpp */ = {isa = PBXFileReference; fileEncoding = 4; lastKnownFileType = sourcecode.cpp.cpp; name = md5.cpp; path = src/glib/md5.cpp; sourceTree = "<group>"; };
		EE14DC761A7C337E00378755 /* md5.h */ = {isa = PBXFileReference; fileEncoding = 4; lastKnownFileType = sourcecode.c.h; name = md5.h; path = src/glib/md5.h; sourceTree = "<group>"; };
		EE1753D516B882A100575457 /* genvironment_unix.cpp */ = {isa = PBXFileReference; fileEncoding = 4; lastKnownFileType = sourcecode.cpp.cpp; name = genvironment_unix.cpp; path = src/glib/genvironment_unix.cpp; sourceTree = SOURCE_ROOT; };
		EE486FC90D3E3EA900AB4CC6 /* boot.h */ = {isa = PBXFileReference; fileEncoding = 4; lastKnownFileType = sourcecode.c.h; path = boot.h; sourceTree = "<group>"; };
		EE486FCA0D3E3EA900AB4CC6 /* dir.cpp */ = {isa = PBXFileReference; fileEncoding = 4; lastKnownFileType = sourcecode.cpp.cpp; path = dir.cpp; sourceTree = "<group>"; };
		EE486FCB0D3E3EA900AB4CC6 /* dir.h */ = {isa = PBXFileReference; fileEncoding = 4; lastKnownFileType = sourcecode.c.h; path = dir.h; sourceTree = "<group>"; };
		EE486FCC0D3E3EA900AB4CC6 /* dir_unix.cpp */ = {isa = PBXFileReference; fileEncoding = 4; lastKnownFileType = sourcecode.cpp.cpp; path = dir_unix.cpp; sourceTree = "<group>"; };
		EE486FCD0D3E3EA900AB4CC6 /* dir_win32.cpp */ = {isa = PBXFileReference; fileEncoding = 4; lastKnownFileType = sourcecode.cpp.cpp; path = dir_win32.cpp; sourceTree = "<group>"; };
		EE486FCF0D3E3EA900AB4CC6 /* gcominit.h */ = {isa = PBXFileReference; fileEncoding = 4; lastKnownFileType = sourcecode.c.h; path = gcominit.h; sourceTree = "<group>"; };
		EE486FD00D3E3EA900AB4CC6 /* gdialog.cpp */ = {isa = PBXFileReference; fileEncoding = 4; lastKnownFileType = sourcecode.cpp.cpp; path = gdialog.cpp; sourceTree = "<group>"; };
		EE486FD10D3E3EA900AB4CC6 /* gdialog.h */ = {isa = PBXFileReference; fileEncoding = 4; lastKnownFileType = sourcecode.c.h; path = gdialog.h; sourceTree = "<group>"; };
		EE486FD30D3E3EA900AB4CC6 /* glink.h */ = {isa = PBXFileReference; fileEncoding = 4; lastKnownFileType = sourcecode.c.h; path = glink.h; sourceTree = "<group>"; };
		EE486FD40D3E3EA900AB4CC6 /* gpage.cpp */ = {isa = PBXFileReference; fileEncoding = 4; lastKnownFileType = sourcecode.cpp.cpp; path = gpage.cpp; sourceTree = "<group>"; };
		EE486FD50D3E3EA900AB4CC6 /* gpage.h */ = {isa = PBXFileReference; fileEncoding = 4; lastKnownFileType = sourcecode.c.h; path = gpage.h; sourceTree = "<group>"; };
		EE486FD60D3E3EA900AB4CC6 /* guimain.cpp */ = {isa = PBXFileReference; fileEncoding = 4; lastKnownFileType = sourcecode.cpp.cpp; path = guimain.cpp; sourceTree = "<group>"; };
		EE486FD70D3E3EA900AB4CC6 /* gunpack.cpp */ = {isa = PBXFileReference; fileEncoding = 4; lastKnownFileType = sourcecode.cpp.cpp; path = gunpack.cpp; sourceTree = "<group>"; };
		EE486FD80D3E3EA900AB4CC6 /* gunpack.h */ = {isa = PBXFileReference; fileEncoding = 4; lastKnownFileType = sourcecode.c.h; path = gunpack.h; sourceTree = "<group>"; };
		EE486FDA0D3E3EA900AB4CC6 /* installer.cpp */ = {isa = PBXFileReference; fileEncoding = 4; lastKnownFileType = sourcecode.cpp.cpp; path = installer.cpp; sourceTree = "<group>"; };
		EE486FDB0D3E3EA900AB4CC6 /* installer.h */ = {isa = PBXFileReference; fileEncoding = 4; lastKnownFileType = sourcecode.c.h; path = installer.h; sourceTree = "<group>"; };
		EE486FDC0D3E3EA900AB4CC6 /* legal.cpp */ = {isa = PBXFileReference; fileEncoding = 4; lastKnownFileType = sourcecode.cpp.cpp; path = legal.cpp; sourceTree = "<group>"; };
		EE486FDD0D3E3EA900AB4CC6 /* legal.h */ = {isa = PBXFileReference; fileEncoding = 4; lastKnownFileType = sourcecode.c.h; path = legal.h; sourceTree = "<group>"; };
		EE486FE00D3E3EA900AB4CC6 /* Makefile.am */ = {isa = PBXFileReference; fileEncoding = 4; lastKnownFileType = text; path = Makefile.am; sourceTree = "<group>"; };
		EE486FE10D3E3EA900AB4CC6 /* Makefile.in */ = {isa = PBXFileReference; fileEncoding = 4; lastKnownFileType = text; path = Makefile.in; sourceTree = "<group>"; };
		EE486FE20D3E3EA900AB4CC6 /* mingw.mak */ = {isa = PBXFileReference; fileEncoding = 4; lastKnownFileType = sourcecode.make; path = mingw.mak; sourceTree = "<group>"; };
		EE486FE30D3E3EA900AB4CC6 /* mock */ = {isa = PBXFileReference; fileEncoding = 4; lastKnownFileType = text; path = mock; sourceTree = "<group>"; };
		EE486FE40D3E3EA900AB4CC6 /* pack.cpp */ = {isa = PBXFileReference; fileEncoding = 4; lastKnownFileType = sourcecode.cpp.cpp; path = pack.cpp; sourceTree = "<group>"; };
		EE486FE50D3E3EA900AB4CC6 /* pages.cpp */ = {isa = PBXFileReference; fileEncoding = 4; lastKnownFileType = sourcecode.cpp.cpp; path = pages.cpp; sourceTree = "<group>"; };
		EE486FE60D3E3EA900AB4CC6 /* pages.h */ = {isa = PBXFileReference; fileEncoding = 4; lastKnownFileType = sourcecode.c.h; path = pages.h; sourceTree = "<group>"; };
		EE486FE70D3E3EA900AB4CC6 /* qt.h */ = {isa = PBXFileReference; fileEncoding = 4; lastKnownFileType = sourcecode.c.h; path = qt.h; sourceTree = "<group>"; };
		EE486FEC0D3E3EA900AB4CC6 /* unpack.c */ = {isa = PBXFileReference; fileEncoding = 4; lastKnownFileType = sourcecode.c.c; path = unpack.c; sourceTree = "<group>"; };
		EE486FED0D3E3EA900AB4CC6 /* unpack.h */ = {isa = PBXFileReference; fileEncoding = 4; lastKnownFileType = sourcecode.c.h; path = unpack.h; sourceTree = "<group>"; };
		EE4870530D3E529100AB4CC6 /* moc_gdialog.cpp */ = {isa = PBXFileReference; fileEncoding = 4; lastKnownFileType = sourcecode.cpp.cpp; name = moc_gdialog.cpp; path = src/gui/moc_gdialog.cpp; sourceTree = "<group>"; };
		EE4870540D3E529100AB4CC6 /* moc_gpage.cpp */ = {isa = PBXFileReference; fileEncoding = 4; lastKnownFileType = sourcecode.cpp.cpp; name = moc_gpage.cpp; path = src/gui/moc_gpage.cpp; sourceTree = "<group>"; };
		EE4870550D3E529100AB4CC6 /* moc_pages.cpp */ = {isa = PBXFileReference; fileEncoding = 4; lastKnownFileType = sourcecode.cpp.cpp; name = moc_pages.cpp; path = src/gui/moc_pages.cpp; sourceTree = "<group>"; };
		EE529999184D5FF900AAD1FE /* gregister.h */ = {isa = PBXFileReference; fileEncoding = 4; lastKnownFileType = sourcecode.c.h; path = gregister.h; sourceTree = "<group>"; };
		EE52999A184D5FF900AAD1FE /* gregister_mac.cpp */ = {isa = PBXFileReference; fileEncoding = 4; lastKnownFileType = sourcecode.cpp.cpp; path = gregister_mac.cpp; sourceTree = "<group>"; };
		EEBDCC0416A6040100BDFB44 /* boot_unix.cpp */ = {isa = PBXFileReference; fileEncoding = 4; lastKnownFileType = sourcecode.cpp.cpp; path = boot_unix.cpp; sourceTree = "<group>"; };
		EEBDCC0516A6040100BDFB44 /* boot_win32.cpp */ = {isa = PBXFileReference; fileEncoding = 4; lastKnownFileType = sourcecode.cpp.cpp; path = boot_win32.cpp; sourceTree = "<group>"; };
		EEBDCC0616A6040100BDFB44 /* emailrelay-icon.icns */ = {isa = PBXFileReference; lastKnownFileType = image.icns; path = "emailrelay-icon.icns"; sourceTree = "<group>"; };
		EEBDCC0716A6040100BDFB44 /* emailrelay-icon.png */ = {isa = PBXFileReference; lastKnownFileType = image.png; path = "emailrelay-icon.png"; sourceTree = "<group>"; };
		EEBDCC0816A6040100BDFB44 /* glink_unix.cpp */ = {isa = PBXFileReference; fileEncoding = 4; lastKnownFileType = sourcecode.cpp.cpp; path = glink_unix.cpp; sourceTree = "<group>"; };
		EEBDCC0916A6040100BDFB44 /* glink_win32.cpp */ = {isa = PBXFileReference; fileEncoding = 4; lastKnownFileType = sourcecode.cpp.cpp; path = glink_win32.cpp; sourceTree = "<group>"; };
		EEBDCC0A16A6040100BDFB44 /* mapfile.cpp */ = {isa = PBXFileReference; fileEncoding = 4; lastKnownFileType = sourcecode.cpp.cpp; path = mapfile.cpp; sourceTree = "<group>"; };
		EEBDCC0B16A6040100BDFB44 /* mapfile.h */ = {isa = PBXFileReference; fileEncoding = 4; lastKnownFileType = sourcecode.c.h; path = mapfile.h; sourceTree = "<group>"; };
		EEBDCC0C16A6040100BDFB44 /* pointer.cpp */ = {isa = PBXFileReference; fileEncoding = 4; lastKnownFileType = sourcecode.cpp.cpp; path = pointer.cpp; sourceTree = "<group>"; };
		EEBDCC0D16A6040100BDFB44 /* pointer.h */ = {isa = PBXFileReference; fileEncoding = 4; lastKnownFileType = sourcecode.c.h; path = pointer.h; sourceTree = "<group>"; };
		EEBDCC1716A604AD00BDFB44 /* gstrings.cpp */ = {isa = PBXFileReference; fileEncoding = 4; lastKnownFileType = sourcecode.cpp.cpp; name = gstrings.cpp; path = src/glib/gstrings.cpp; sourceTree = SOURCE_ROOT; };
		EEC342BF0D50E0BD00DD9918 /* boot_mac.cpp */ = {isa = PBXFileReference; fileEncoding = 4; lastKnownFileType = sourcecode.cpp.cpp; path = boot_mac.cpp; sourceTree = "<group>"; };
		EEC342C00D50E0BD00DD9918 /* dir_mac.cpp */ = {isa = PBXFileReference; fileEncoding = 4; lastKnownFileType = sourcecode.cpp.cpp; path = dir_mac.cpp; sourceTree = "<group>"; };
		EEC342C30D50E0D800DD9918 /* glink_mac.cpp */ = {isa = PBXFileReference; fileEncoding = 4; lastKnownFileType = sourcecode.cpp.cpp; path = glink_mac.cpp; sourceTree = "<group>"; };
		EEC342C50D50E0D800DD9918 /* state.cpp */ = {isa = PBXFileReference; fileEncoding = 4; lastKnownFileType = sourcecode.cpp.cpp; path = state.cpp; sourceTree = "<group>"; };
		EEC342CB0D50E1D500DD9918 /* state.h */ = {isa = PBXFileReference; fileEncoding = 4; lastKnownFileType = sourcecode.c.h; path = state.h; sourceTree = "<group>"; };
		EEC342DF0D50F62E00DD9918 /* emailrelay-start-gui */ = {isa = PBXFileReference; explicitFileType = "compiled.mach-o.executable"; includeInIndex = 0; path = "emailrelay-start-gui"; sourceTree = BUILT_PRODUCTS_DIR; };
		EEC342ED0D50F6B600DD9918 /* emailrelay-unpack */ = {isa = PBXFileReference; explicitFileType = "compiled.mach-o.executable"; includeInIndex = 0; path = "emailrelay-unpack"; sourceTree = BUILT_PRODUCTS_DIR; };
		EEC342F90D50F72800DD9918 /* unpackmain.c */ = {isa = PBXFileReference; fileEncoding = 4; lastKnownFileType = sourcecode.c.c; path = unpackmain.c; sourceTree = "<group>"; };
/* End PBXFileReference section */

/* Begin PBXFrameworksBuildPhase section */
		8DD76F660486A84900D96B5E /* Frameworks */ = {
			isa = PBXFrameworksBuildPhase;
			buildActionMask = 2147483647;
			files = (
			);
			runOnlyForDeploymentPostprocessing = 0;
		};
		EEC342DD0D50F62E00DD9918 /* Frameworks */ = {
			isa = PBXFrameworksBuildPhase;
			buildActionMask = 2147483647;
			files = (
			);
			runOnlyForDeploymentPostprocessing = 0;
		};
		EEC342EB0D50F6B600DD9918 /* Frameworks */ = {
			isa = PBXFrameworksBuildPhase;
			buildActionMask = 2147483647;
			files = (
			);
			runOnlyForDeploymentPostprocessing = 0;
		};
/* End PBXFrameworksBuildPhase section */

/* Begin PBXGroup section */
		08FB7794FE84155DC02AAC07 /* emailrelay-gui */ = {
			isa = PBXGroup;
			children = (
				EE14DBD61A7C31EA00378755 /* glib */,
				EE4870510D3E517800AB4CC6 /* moc */,
				EE486FC70D3E3EA900AB4CC6 /* gui */,
				1AB674ADFE9D54B511CA2CBB /* Products */,
			);
			name = "emailrelay-gui";
			sourceTree = "<group>";
		};
		1AB674ADFE9D54B511CA2CBB /* Products */ = {
			isa = PBXGroup;
			children = (
				8DD76F6C0486A84900D96B5E /* emailrelay-gui */,
				EEC342DF0D50F62E00DD9918 /* emailrelay-start-gui */,
				EEC342ED0D50F6B600DD9918 /* emailrelay-unpack */,
			);
			name = Products;
			sourceTree = "<group>";
		};
		EE14DBD61A7C31EA00378755 /* glib */ = {
			isa = PBXGroup;
			children = (
				EE14DC751A7C337E00378755 /* md5.cpp */,
				EE14DC761A7C337E00378755 /* md5.h */,
				EE14DBD71A7C325400378755 /* garg_unix.cpp */,
				EE14DBD91A7C325400378755 /* garg.cpp */,
				EE14DBDA1A7C325400378755 /* garg.h */,
				EE14DBDB1A7C325400378755 /* gassert.h */,
				EE14DBDC1A7C325400378755 /* gbase64.cpp */,
				EE14DBDD1A7C325400378755 /* gbase64.h */,
				EE14DBDE1A7C325400378755 /* gcleanup_unix.cpp */,
				EE14DBE01A7C325400378755 /* gcleanup.h */,
				EE14DBE51A7C325400378755 /* gcounter.cpp */,
				EE14DBE61A7C325400378755 /* gcounter.h */,
				EE14DBE71A7C325400378755 /* gdaemon_unix.cpp */,
				EE14DBE91A7C325400378755 /* gdaemon.h */,
				EE14DBEA1A7C325400378755 /* gdate.cpp */,
				EE14DBEB1A7C325400378755 /* gdate.h */,
				EE14DBEC1A7C325400378755 /* gdatetime_unix.cpp */,
				EE14DBEE1A7C325400378755 /* gdatetime.cpp */,
				EE14DBEF1A7C325400378755 /* gdatetime.h */,
				EE14DBF01A7C325400378755 /* gdebug.h */,
				EE14DBF11A7C325400378755 /* gdef.h */,
				EE14DBF21A7C325400378755 /* gdirectory_unix_glob.cpp */,
				EE14DBF41A7C325400378755 /* gdirectory_unix.cpp */,
				EE14DBF61A7C325400378755 /* gdirectory.cpp */,
				EE14DBF71A7C325400378755 /* gdirectory.h */,
				EE14DBF91A7C325400378755 /* genvironment.h */,
				EE14DBFA1A7C325400378755 /* gexception.cpp */,
				EE14DBFB1A7C325400378755 /* gexception.h */,
				EE14DBFC1A7C325400378755 /* gexecutable_unix.cpp */,
				EE14DBFE1A7C325400378755 /* gexecutable.cpp */,
				EE14DBFF1A7C325400378755 /* gexecutable.h */,
				EE14DC001A7C325400378755 /* gfile_unix.cpp */,
				EE14DC021A7C325400378755 /* gfile.cpp */,
				EE14DC031A7C325400378755 /* gfile.h */,
				EE14DC041A7C325400378755 /* gfs_unix.cpp */,
				EE14DC061A7C325400378755 /* gfs.h */,
				EE14DC071A7C325400378755 /* ggetopt.cpp */,
				EE14DC081A7C325400378755 /* ggetopt.h */,
				EE14DC091A7C325400378755 /* ghostname_unix.cpp */,
				EE14DC0B1A7C325400378755 /* ghostname.h */,
				EE14DC0D1A7C325400378755 /* gidentity_unix.cpp */,
				EE14DC0F1A7C325400378755 /* gidentity.h */,
				EE14DC101A7C325400378755 /* glimits.h */,
				EE14DC111A7C325400378755 /* glog.cpp */,
				EE14DC121A7C325400378755 /* glog.h */,
				EE14DC131A7C325400378755 /* glogoutput_unix.cpp */,
				EE14DC151A7C325400378755 /* glogoutput.cpp */,
				EE14DC161A7C325400378755 /* glogoutput.h */,
				EE14DC171A7C325400378755 /* gmd5_native.cpp */,
				EE14DC181A7C325400378755 /* gmd5.h */,
				EE14DC191A7C325400378755 /* gmemory.h */,
				EE14DC1B1A7C325400378755 /* gnewprocess_unix_exec_enabled.cpp */,
				EE14DC1D1A7C325400378755 /* gnewprocess.h */,
				EE14DC1E1A7C325400378755 /* gnoncopyable.h */,
				EE14DC231A7C325400378755 /* gpath.cpp */,
				EE14DC241A7C325400378755 /* gpath.h */,
				EE14DC251A7C325400378755 /* gpidfile.cpp */,
				EE14DC261A7C325400378755 /* gpidfile.h */,
				EE14DC271A7C325400378755 /* gprocess_unix.cpp */,
				EE14DC291A7C325400378755 /* gprocess.h */,
				EE14DC2A1A7C325400378755 /* groot.cpp */,
				EE14DC2B1A7C325400378755 /* groot.h */,
				EE14DC2C1A7C325400378755 /* gsetter.h */,
				EE14DC2D1A7C325400378755 /* gsignalsafe.h */,
				EE14DC2E1A7C325400378755 /* gsleep.h */,
				EE14DC2F1A7C325400378755 /* gslot.cpp */,
				EE14DC301A7C325400378755 /* gslot.h */,
				EE14DC311A7C325400378755 /* gstatemachine.h */,
				EE14DC321A7C325400378755 /* gstr.cpp */,
				EE14DC331A7C325400378755 /* gstr.h */,
				EE14DC341A7C325400378755 /* gstrings.h */,
				EE14DC351A7C325400378755 /* gtest.cpp */,
				EE14DC361A7C325400378755 /* gtest.h */,
				EE14DC371A7C325400378755 /* gtime.cpp */,
				EE14DC381A7C325400378755 /* gtime.h */,
				EE14DC391A7C325400378755 /* gxtext.cpp */,
				EE14DC3A1A7C325400378755 /* gxtext.h */,
			);
			name = glib;
			sourceTree = "<group>";
		};
		EE486FC70D3E3EA900AB4CC6 /* gui */ = {
			isa = PBXGroup;
			children = (
				EE529999184D5FF900AAD1FE /* gregister.h */,
				EE52999A184D5FF900AAD1FE /* gregister_mac.cpp */,
				EE1753D516B882A100575457 /* genvironment_unix.cpp */,
				EEBDCC1716A604AD00BDFB44 /* gstrings.cpp */,
				EEBDCC0416A6040100BDFB44 /* boot_unix.cpp */,
				EEBDCC0516A6040100BDFB44 /* boot_win32.cpp */,
				EEBDCC0616A6040100BDFB44 /* emailrelay-icon.icns */,
				EEBDCC0716A6040100BDFB44 /* emailrelay-icon.png */,
				EEBDCC0816A6040100BDFB44 /* glink_unix.cpp */,
				EEBDCC0916A6040100BDFB44 /* glink_win32.cpp */,
				EEBDCC0A16A6040100BDFB44 /* mapfile.cpp */,
				EEBDCC0B16A6040100BDFB44 /* mapfile.h */,
				EEBDCC0C16A6040100BDFB44 /* pointer.cpp */,
				EEBDCC0D16A6040100BDFB44 /* pointer.h */,
				EEC342F90D50F72800DD9918 /* unpackmain.c */,
				EEC342CB0D50E1D500DD9918 /* state.h */,
				EEC342C30D50E0D800DD9918 /* glink_mac.cpp */,
				EEC342C50D50E0D800DD9918 /* state.cpp */,
				EEC342BF0D50E0BD00DD9918 /* boot_mac.cpp */,
				EEC342C00D50E0BD00DD9918 /* dir_mac.cpp */,
				EE486FC90D3E3EA900AB4CC6 /* boot.h */,
				EE486FCA0D3E3EA900AB4CC6 /* dir.cpp */,
				EE486FCB0D3E3EA900AB4CC6 /* dir.h */,
				EE486FCC0D3E3EA900AB4CC6 /* dir_unix.cpp */,
				EE486FCD0D3E3EA900AB4CC6 /* dir_win32.cpp */,
				EE486FCF0D3E3EA900AB4CC6 /* gcominit.h */,
				EE486FD00D3E3EA900AB4CC6 /* gdialog.cpp */,
				EE486FD10D3E3EA900AB4CC6 /* gdialog.h */,
				EE486FD30D3E3EA900AB4CC6 /* glink.h */,
				EE486FD40D3E3EA900AB4CC6 /* gpage.cpp */,
				EE486FD50D3E3EA900AB4CC6 /* gpage.h */,
				EE486FD60D3E3EA900AB4CC6 /* guimain.cpp */,
				EE486FD70D3E3EA900AB4CC6 /* gunpack.cpp */,
				EE486FD80D3E3EA900AB4CC6 /* gunpack.h */,
				EE486FDA0D3E3EA900AB4CC6 /* installer.cpp */,
				EE486FDB0D3E3EA900AB4CC6 /* installer.h */,
				EE486FDC0D3E3EA900AB4CC6 /* legal.cpp */,
				EE486FDD0D3E3EA900AB4CC6 /* legal.h */,
				EE486FE00D3E3EA900AB4CC6 /* Makefile.am */,
				EE486FE10D3E3EA900AB4CC6 /* Makefile.in */,
				EE486FE20D3E3EA900AB4CC6 /* mingw.mak */,
				EE486FE30D3E3EA900AB4CC6 /* mock */,
				EE486FE40D3E3EA900AB4CC6 /* pack.cpp */,
				EE486FE50D3E3EA900AB4CC6 /* pages.cpp */,
				EE486FE60D3E3EA900AB4CC6 /* pages.h */,
				EE486FE70D3E3EA900AB4CC6 /* qt.h */,
				EE486FEC0D3E3EA900AB4CC6 /* unpack.c */,
				EE486FED0D3E3EA900AB4CC6 /* unpack.h */,
			);
			name = gui;
			path = src/gui;
			sourceTree = "<group>";
		};
		EE4870510D3E517800AB4CC6 /* moc */ = {
			isa = PBXGroup;
			children = (
				EE4870530D3E529100AB4CC6 /* moc_gdialog.cpp */,
				EE4870540D3E529100AB4CC6 /* moc_gpage.cpp */,
				EE4870550D3E529100AB4CC6 /* moc_pages.cpp */,
			);
			name = moc;
			sourceTree = "<group>";
		};
/* End PBXGroup section */

/* Begin PBXNativeTarget section */
		8DD76F620486A84900D96B5E /* emailrelay-gui */ = {
			isa = PBXNativeTarget;
			buildConfigurationList = 1DEB923108733DC60010E9CD /* Build configuration list for PBXNativeTarget "emailrelay-gui" */;
			buildPhases = (
				EE4870490D3E4B8200AB4CC6 /* ShellScript */,
				8DD76F640486A84900D96B5E /* Sources */,
				8DD76F660486A84900D96B5E /* Frameworks */,
				8DD76F690486A84900D96B5E /* CopyFiles */,
			);
			buildRules = (
			);
			dependencies = (
			);
			name = "emailrelay-gui";
			productInstallPath = "$(HOME)/bin";
			productName = "emailrelay-gui";
			productReference = 8DD76F6C0486A84900D96B5E /* emailrelay-gui */;
			productType = "com.apple.product-type.tool";
		};
		EEC342DE0D50F62E00DD9918 /* emailrelay-start-gui */ = {
			isa = PBXNativeTarget;
			buildConfigurationList = EEC342E30D50F64F00DD9918 /* Build configuration list for PBXNativeTarget "emailrelay-start-gui" */;
			buildPhases = (
				EEC342DC0D50F62E00DD9918 /* Sources */,
				EEC342DD0D50F62E00DD9918 /* Frameworks */,
			);
			buildRules = (
			);
			dependencies = (
			);
			name = "emailrelay-start-gui";
			productName = "emailrelay-start";
			productReference = EEC342DF0D50F62E00DD9918 /* emailrelay-start-gui */;
			productType = "com.apple.product-type.tool";
		};
		EEC342EC0D50F6B600DD9918 /* emailrelay-unpack */ = {
			isa = PBXNativeTarget;
			buildConfigurationList = EEC342F60D50F6D600DD9918 /* Build configuration list for PBXNativeTarget "emailrelay-unpack" */;
			buildPhases = (
				EEC342EA0D50F6B600DD9918 /* Sources */,
				EEC342EB0D50F6B600DD9918 /* Frameworks */,
			);
			buildRules = (
			);
			dependencies = (
			);
			name = "emailrelay-unpack";
			productName = "emailrelay-unpack";
			productReference = EEC342ED0D50F6B600DD9918 /* emailrelay-unpack */;
			productType = "com.apple.product-type.tool";
		};
/* End PBXNativeTarget section */

/* Begin PBXProject section */
		08FB7793FE84155DC02AAC07 /* Project object */ = {
			isa = PBXProject;
			attributes = {
				LastUpgradeCheck = 0610;
			};
			buildConfigurationList = 1DEB923508733DC60010E9CD /* Build configuration list for PBXProject "emailrelay-gui" */;
			compatibilityVersion = "Xcode 3.2";
			developmentRegion = English;
			hasScannedForEncodings = 1;
			knownRegions = (
				en,
			);
			mainGroup = 08FB7794FE84155DC02AAC07 /* emailrelay-gui */;
			projectDirPath = "";
			projectRoot = "";
			targets = (
				8DD76F620486A84900D96B5E /* emailrelay-gui */,
				EEC342DE0D50F62E00DD9918 /* emailrelay-start-gui */,
				EEC342EC0D50F6B600DD9918 /* emailrelay-unpack */,
				EE99190B0D9193D100FB06D5 /* all-targets */,
			);
		};
/* End PBXProject section */

/* Begin PBXShellScriptBuildPhase section */
		EE4870490D3E4B8200AB4CC6 /* ShellScript */ = {
			isa = PBXShellScriptBuildPhase;
			buildActionMask = 2147483647;
			files = (
			);
			inputPaths = (
				"$(SRCROOT)/src/gui/gpage.h",
				"$(SRCROOT)/src/gui/gdialog.h",
				"$(SRCROOT)/src/gui/pages.h",
			);
			outputPaths = (
				"$(SRCROOT)/src/gui/moc_gpage.cpp",
				"$(SRCROOT)/src/gui/moc_gdialog.cpp",
				"$(SRCROOT)/src/gui/moc_pages.cpp",
			);
			runOnlyForDeploymentPostprocessing = 0;
			shellPath = /bin/sh;
			shellScript = "\ni=0\nwhile test $i -lt $SCRIPT_INPUT_FILE_COUNT\ndo\n\tinput=\"`eval echo '$'SCRIPT_INPUT_FILE_$i`\"\n\toutput=\"`eval echo '$'SCRIPT_OUTPUT_FILE_$i`\"\n\techo moc -o$output $input\n\tmoc -o$output $input\n\ti=`expr $i + 1`\ndone";
			showEnvVarsInLog = 0;
		};
/* End PBXShellScriptBuildPhase section */

/* Begin PBXSourcesBuildPhase section */
		8DD76F640486A84900D96B5E /* Sources */ = {
			isa = PBXSourcesBuildPhase;
			buildActionMask = 2147483647;
			files = (
				EE14DC771A7C337E00378755 /* md5.cpp in Sources */,
				EE14DC741A7C325400378755 /* gxtext.cpp in Sources */,
				EE14DC6B1A7C325400378755 /* gpath.cpp in Sources */,
				EE486FEF0D3E3EA900AB4CC6 /* dir.cpp in Sources */,
				EE486FF20D3E3EA900AB4CC6 /* gdialog.cpp in Sources */,
				EE14DC6C1A7C325400378755 /* gpidfile.cpp in Sources */,
				EE14DC3D1A7C325400378755 /* garg.cpp in Sources */,
				EE14DC661A7C325400378755 /* gnewprocess_unix_exec_enabled.cpp in Sources */,
				EE14DC4B1A7C325400378755 /* gdirectory_unix_glob.cpp in Sources */,
				EE14DC731A7C325400378755 /* gtime.cpp in Sources */,
				EE14DC711A7C325400378755 /* gstr.cpp in Sources */,
				EE14DC471A7C325400378755 /* gdate.cpp in Sources */,
				EE14DC581A7C325400378755 /* gfs_unix.cpp in Sources */,
				EE486FF40D3E3EA900AB4CC6 /* gpage.cpp in Sources */,
				EE486FF50D3E3EA900AB4CC6 /* guimain.cpp in Sources */,
				EE14DC551A7C325400378755 /* gfile_unix.cpp in Sources */,
				EE14DC641A7C325400378755 /* gmd5_native.cpp in Sources */,
				EE486FF60D3E3EA900AB4CC6 /* gunpack.cpp in Sources */,
				EE14DC3E1A7C325400378755 /* gbase64.cpp in Sources */,
				EE14DC521A7C325400378755 /* gexecutable_unix.cpp in Sources */,
				EE486FF70D3E3EA900AB4CC6 /* installer.cpp in Sources */,
				EE486FF80D3E3EA900AB4CC6 /* legal.cpp in Sources */,
				EE14DC481A7C325400378755 /* gdatetime_unix.cpp in Sources */,
				EE14DC601A7C325400378755 /* glog.cpp in Sources */,
				EE14DC6D1A7C325400378755 /* gprocess_unix.cpp in Sources */,
				EE486FFC0D3E3EA900AB4CC6 /* pages.cpp in Sources */,
				EE4870560D3E529100AB4CC6 /* moc_gdialog.cpp in Sources */,
				EE4870570D3E529100AB4CC6 /* moc_gpage.cpp in Sources */,
				EE14DC3B1A7C325400378755 /* garg_unix.cpp in Sources */,
				EE4870580D3E529100AB4CC6 /* moc_pages.cpp in Sources */,
				EEC342C10D50E0BD00DD9918 /* boot_mac.cpp in Sources */,
				EEC342C20D50E0BD00DD9918 /* dir_mac.cpp in Sources */,
				EEC342C60D50E0D800DD9918 /* glink_mac.cpp in Sources */,
				EE14DC721A7C325400378755 /* gtest.cpp in Sources */,
				EEC342C80D50E0D800DD9918 /* state.cpp in Sources */,
				EEBDCC1216A6040100BDFB44 /* mapfile.cpp in Sources */,
				EE14DC631A7C325400378755 /* glogoutput.cpp in Sources */,
				EE14DC701A7C325400378755 /* gslot.cpp in Sources */,
				EE14DC511A7C325400378755 /* gexception.cpp in Sources */,
				EE14DC5B1A7C325400378755 /* ghostname_unix.cpp in Sources */,
				EE14DC4D1A7C325400378755 /* gdirectory_unix.cpp in Sources */,
				EE14DC441A7C325400378755 /* gcounter.cpp in Sources */,
				EE14DC5E1A7C325400378755 /* gidentity_unix.cpp in Sources */,
				EE14DC3F1A7C325400378755 /* gcleanup_unix.cpp in Sources */,
				EEBDCC1316A6040100BDFB44 /* pointer.cpp in Sources */,
				EE14DC611A7C325400378755 /* glogoutput_unix.cpp in Sources */,
				EE14DC4A1A7C325400378755 /* gdatetime.cpp in Sources */,
				EE14DC541A7C325400378755 /* gexecutable.cpp in Sources */,
				EE14DC571A7C325400378755 /* gfile.cpp in Sources */,
				EEBDCC1816A604AD00BDFB44 /* gstrings.cpp in Sources */,
				EE14DC6F1A7C325400378755 /* groot.cpp in Sources */,
				EE14DC5A1A7C325400378755 /* ggetopt.cpp in Sources */,
				EE14DC4F1A7C325400378755 /* gdirectory.cpp in Sources */,
				EE1753D616B882A100575457 /* genvironment_unix.cpp in Sources */,
				EE529995184D5F4200AAD1FE /* unpack.c in Sources */,
				EE52999B184D5FF900AAD1FE /* gregister_mac.cpp in Sources */,
				EE14DC451A7C325400378755 /* gdaemon_unix.cpp in Sources */,
			);
			runOnlyForDeploymentPostprocessing = 0;
		};
		EEC342DC0D50F62E00DD9918 /* Sources */ = {
			isa = PBXSourcesBuildPhase;
			buildActionMask = 2147483647;
			files = (
			);
			runOnlyForDeploymentPostprocessing = 0;
		};
		EEC342EA0D50F6B600DD9918 /* Sources */ = {
			isa = PBXSourcesBuildPhase;
			buildActionMask = 2147483647;
			files = (
				EEC342FA0D50F72800DD9918 /* unpackmain.c in Sources */,
				EEC342FC0D50F73900DD9918 /* unpack.c in Sources */,
			);
			runOnlyForDeploymentPostprocessing = 0;
		};
/* End PBXSourcesBuildPhase section */

/* Begin PBXTargetDependency section */
		EE99190F0D9193DC00FB06D5 /* PBXTargetDependency */ = {
			isa = PBXTargetDependency;
			target = 8DD76F620486A84900D96B5E /* emailrelay-gui */;
			targetProxy = EE99190E0D9193DC00FB06D5 /* PBXContainerItemProxy */;
		};
		EE9919110D9193DC00FB06D5 /* PBXTargetDependency */ = {
			isa = PBXTargetDependency;
			target = EEC342DE0D50F62E00DD9918 /* emailrelay-start-gui */;
			targetProxy = EE9919100D9193DC00FB06D5 /* PBXContainerItemProxy */;
		};
		EE9919130D9193DC00FB06D5 /* PBXTargetDependency */ = {
			isa = PBXTargetDependency;
			target = EEC342EC0D50F6B600DD9918 /* emailrelay-unpack */;
			targetProxy = EE9919120D9193DC00FB06D5 /* PBXContainerItemProxy */;
		};
/* End PBXTargetDependency section */

/* Begin XCBuildConfiguration section */
		1DEB923208733DC60010E9CD /* Debug */ = {
			isa = XCBuildConfiguration;
			buildSettings = {
				COPY_PHASE_STRIP = NO;
				GCC_DYNAMIC_NO_PIC = NO;
				GCC_ENABLE_FIX_AND_CONTINUE = YES;
				GCC_MODEL_TUNING = G5;
				GCC_OPTIMIZATION_LEVEL = 0;
				GCC_PREPROCESSOR_DEFINITIONS = (
					"_GLIBCXX_DEBUG=1",
					"_GLIBCXX_DEBUG_PEDANTIC=1",
					"G_UNIX=1",
					"_DEBUG=1",
				);
				INSTALL_PATH = /usr/local/bin;
				PRODUCT_NAME = "emailrelay-gui";
				SDKROOT = macosx;
				ZERO_LINK = YES;
			};
			name = Debug;
		};
		1DEB923308733DC60010E9CD /* Release */ = {
			isa = XCBuildConfiguration;
			buildSettings = {
				DEBUG_INFORMATION_FORMAT = "dwarf-with-dsym";
				GCC_INLINES_ARE_PRIVATE_EXTERN = NO;
				GCC_MODEL_TUNING = G5;
				GCC_SYMBOLS_PRIVATE_EXTERN = NO;
				INSTALL_PATH = /usr/local/bin;
				PRODUCT_NAME = "emailrelay-gui";
				SDKROOT = macosx;
			};
			name = Release;
		};
		1DEB923608733DC60010E9CD /* Debug */ = {
			isa = XCBuildConfiguration;
			buildSettings = {
				FRAMEWORK_SEARCH_PATHS = "$(HOME)/Qt/5.3/clang_64/lib";
				GCC_PREPROCESSOR_DEFINITIONS = (
					"_DEBUG=1",
					"G_UNIX=1",
				);
				GCC_WARN_ABOUT_RETURN_TYPE = YES;
				GCC_WARN_UNUSED_VARIABLE = YES;
				HEADER_SEARCH_PATHS = (
					src/main,
					src/glib,
				);
				ONLY_ACTIVE_ARCH = YES;
				OTHER_CFLAGS = "";
				OTHER_LDFLAGS = (
					"-lz",
					"-framework",
					QtWidgets,
					"-framework",
					QtGui,
					"-framework",
					QtCore,
				);
				PREBINDING = NO;
				SDKROOT = macosx10.9;
			};
			name = Debug;
		};
		1DEB923708733DC60010E9CD /* Release */ = {
			isa = XCBuildConfiguration;
			buildSettings = {
				ADDITIONAL_SDKS = "";
				FRAMEWORK_SEARCH_PATHS = "$(HOME)/Qt/5.3/clang_64/lib";
				GCC_ENABLE_OBJC_EXCEPTIONS = NO;
				GCC_FAST_OBJC_DISPATCH = NO;
				GCC_PREPROCESSOR_DEFINITIONS = "G_UNIX=1";
				GCC_WARN_ABOUT_RETURN_TYPE = YES;
				GCC_WARN_UNUSED_VARIABLE = YES;
				HEADER_SEARCH_PATHS = (
					src/main,
					src/glib,
				);
				OTHER_LDFLAGS = (
					"-lz",
					"-framework",
					QtWidgets,
					"-framework",
					QtGui,
					"-framework",
					QtCore,
				);
				PREBINDING = NO;
				SDKROOT = macosx10.9;
			};
			name = Release;
		};
		EE99190C0D9193D200FB06D5 /* Debug */ = {
			isa = XCBuildConfiguration;
			buildSettings = {
				COPY_PHASE_STRIP = NO;
				GCC_DYNAMIC_NO_PIC = NO;
				GCC_OPTIMIZATION_LEVEL = 0;
				PRODUCT_NAME = "all-targets";
			};
			name = Debug;
		};
		EE99190D0D9193D200FB06D5 /* Release */ = {
			isa = XCBuildConfiguration;
			buildSettings = {
				COPY_PHASE_STRIP = YES;
				DEBUG_INFORMATION_FORMAT = "dwarf-with-dsym";
				GCC_ENABLE_FIX_AND_CONTINUE = NO;
				PRODUCT_NAME = "all-targets";
				ZERO_LINK = NO;
			};
			name = Release;
		};
		EEC342E10D50F63100DD9918 /* Debug */ = {
			isa = XCBuildConfiguration;
			buildSettings = {
				COPY_PHASE_STRIP = NO;
				GCC_DYNAMIC_NO_PIC = NO;
				GCC_ENABLE_FIX_AND_CONTINUE = YES;
				GCC_MODEL_TUNING = G5;
				GCC_OPTIMIZATION_LEVEL = 0;
				INSTALL_PATH = /usr/local/bin;
				PREBINDING = NO;
				PRODUCT_NAME = "emailrelay-start-gui";
				ZERO_LINK = YES;
			};
			name = Debug;
		};
		EEC342E20D50F63100DD9918 /* Release */ = {
			isa = XCBuildConfiguration;
			buildSettings = {
				COPY_PHASE_STRIP = YES;
				DEBUG_INFORMATION_FORMAT = "dwarf-with-dsym";
				GCC_ENABLE_FIX_AND_CONTINUE = NO;
				GCC_MODEL_TUNING = G5;
				INSTALL_PATH = /usr/local/bin;
				PREBINDING = NO;
				PRODUCT_NAME = "emailrelay-start-gui";
				ZERO_LINK = NO;
			};
			name = Release;
		};
		EEC342EF0D50F6B800DD9918 /* Debug */ = {
			isa = XCBuildConfiguration;
			buildSettings = {
				COPY_PHASE_STRIP = NO;
				GCC_DYNAMIC_NO_PIC = NO;
				GCC_ENABLE_FIX_AND_CONTINUE = YES;
				GCC_MODEL_TUNING = G5;
				GCC_OPTIMIZATION_LEVEL = 0;
				INSTALL_PATH = /usr/local/bin;
				OTHER_LDFLAGS = "-lz";
				PREBINDING = NO;
				PRODUCT_NAME = "emailrelay-unpack";
				ZERO_LINK = YES;
			};
			name = Debug;
		};
		EEC342F00D50F6B800DD9918 /* Release */ = {
			isa = XCBuildConfiguration;
			buildSettings = {
				COPY_PHASE_STRIP = YES;
				DEBUG_INFORMATION_FORMAT = "dwarf-with-dsym";
				GCC_ENABLE_FIX_AND_CONTINUE = NO;
				GCC_MODEL_TUNING = G5;
				INSTALL_PATH = /usr/local/bin;
				OTHER_LDFLAGS = "-lz";
				PREBINDING = NO;
				PRODUCT_NAME = "emailrelay-unpack";
				ZERO_LINK = NO;
			};
			name = Release;
		};
/* End XCBuildConfiguration section */

/* Begin XCConfigurationList section */
		1DEB923108733DC60010E9CD /* Build configuration list for PBXNativeTarget "emailrelay-gui" */ = {
			isa = XCConfigurationList;
			buildConfigurations = (
				1DEB923208733DC60010E9CD /* Debug */,
				1DEB923308733DC60010E9CD /* Release */,
			);
			defaultConfigurationIsVisible = 0;
			defaultConfigurationName = Release;
		};
		1DEB923508733DC60010E9CD /* Build configuration list for PBXProject "emailrelay-gui" */ = {
			isa = XCConfigurationList;
			buildConfigurations = (
				1DEB923608733DC60010E9CD /* Debug */,
				1DEB923708733DC60010E9CD /* Release */,
			);
			defaultConfigurationIsVisible = 0;
			defaultConfigurationName = Release;
		};
		EE9919150D91940100FB06D5 /* Build configuration list for PBXAggregateTarget "all-targets" */ = {
			isa = XCConfigurationList;
			buildConfigurations = (
				EE99190C0D9193D200FB06D5 /* Debug */,
				EE99190D0D9193D200FB06D5 /* Release */,
			);
			defaultConfigurationIsVisible = 0;
			defaultConfigurationName = Release;
		};
		EEC342E30D50F64F00DD9918 /* Build configuration list for PBXNativeTarget "emailrelay-start-gui" */ = {
			isa = XCConfigurationList;
			buildConfigurations = (
				EEC342E10D50F63100DD9918 /* Debug */,
				EEC342E20D50F63100DD9918 /* Release */,
			);
			defaultConfigurationIsVisible = 0;
			defaultConfigurationName = Release;
		};
		EEC342F60D50F6D600DD9918 /* Build configuration list for PBXNativeTarget "emailrelay-unpack" */ = {
			isa = XCConfigurationList;
			buildConfigurations = (
				EEC342EF0D50F6B800DD9918 /* Debug */,
				EEC342F00D50F6B800DD9918 /* Release */,
			);
			defaultConfigurationIsVisible = 0;
			defaultConfigurationName = Release;
		};
/* End XCConfigurationList section */
	};
	rootObject = 08FB7793FE84155DC02AAC07 /* Project object */;
}
